# THIS IS AN AUTOGENERATED FILE. DO NOT EDIT THIS FILE DIRECTLY.
# yarn lockfile v1


add-dom-event-listener@1.x:
  version "1.0.1"
  resolved "https://registry.yarnpkg.com/add-dom-event-listener/-/add-dom-event-listener-1.0.1.tgz#70e74d0692b27108f9740554e0fa80a4683c2eb2"
  dependencies:
    object-assign "4.x"

antd@2.6.1:
  version "2.6.1"
  resolved "http://npm.vveshow.com/antd/-/antd-2.6.1.tgz#57b269af389d8bd3ac21dee1889ef099ab1c32cf"
  dependencies:
    array-tree-filter "~1.0.0"
    babel-runtime "6.x"
    classnames "~2.2.0"
    css-animation "^1.2.5"
    moment "~2.17.0"
    object-assign "~4.1.0"
    omit.js "^0.1.0"
    rc-animate "~2.3.0"
    rc-calendar "~7.5.1"
    rc-cascader "~0.10.1"
    rc-checkbox "~1.4.0"
    rc-collapse "~1.6.4"
    rc-dialog "~6.5.0"
    rc-dropdown "~1.4.8"
    rc-editor-mention "~0.3.0"
    rc-form "~1.1.0"
    rc-input-number "~2.8.3"
    rc-menu "~5.0.1"
    rc-notification "~1.3.4"
    rc-pagination "~1.6.0"
    rc-progress "~2.0.1"
    rc-radio "~2.0.0"
    rc-rate "~1.1.2"
    rc-select "~6.6.1"
    rc-slider "~5.4.0"
    rc-steps "~2.2.0"
    rc-switch "~1.4.2"
    rc-table "~5.2.0"
    rc-tabs "~7.1.0"
    rc-time-picker "~2.2.1"
    rc-tooltip "~3.4.2"
    rc-tree "~1.4.0"
    rc-tree-select "~1.8.0"
    rc-upload "~2.3.0"
    rc-util "^4.0.1"
    react-lazy-load "^3.0.10"
    react-slick "~0.14.2"
    shallowequal "^0.2.2"
    warning "~3.0.0"

argparse@^1.0.2:
  version "1.0.9"
  resolved "http://npm.vveshow.com/argparse/-/argparse-1.0.9.tgz#73d83bc263f86e97f8cc4f6bae1b0e90a7d22c86"
  dependencies:
    sprintf-js "~1.0.2"

"argparse@~ 0.1.15", argparse@~0.1.15:
  version "0.1.16"
  resolved "http://npm.vveshow.com/argparse/-/argparse-0.1.16.tgz#cfd01e0fbba3d6caed049fbd758d40f65196f57c"
  dependencies:
    underscore "~1.7.0"
    underscore.string "~2.4.0"

array-tree-filter@^1.0.0, array-tree-filter@~1.0.0:
  version "1.0.1"
  resolved "https://registry.yarnpkg.com/array-tree-filter/-/array-tree-filter-1.0.1.tgz#0a8ad1eefd38ce88858632f9cc0423d7634e4d5d"

asap@~2.0.3:
  version "2.0.5"
  resolved "https://registry.yarnpkg.com/asap/-/asap-2.0.5.tgz#522765b50c3510490e52d7dcfe085ef9ba96958f"

async-validator@1.x:
  version "1.6.6"
  resolved "https://registry.yarnpkg.com/async-validator/-/async-validator-1.6.6.tgz#12e895ffaaadd5b9a8faf8be1b07cdd930674fa2"

axios@0.13.1:
  version "0.13.1"
  resolved "https://registry.yarnpkg.com/axios/-/axios-0.13.1.tgz#3e67abfe4333bc9d2d5fe6fbd13b4694eafc8df8"
  dependencies:
    follow-redirects "0.0.7"

babel-runtime@6.x, babel-runtime@^6.11.6:
  version "6.18.0"
  resolved "https://registry.yarnpkg.com/babel-runtime/-/babel-runtime-6.18.0.tgz#0f4177ffd98492ef13b9f823e9994a02584c9078"
  dependencies:
    core-js "^2.4.0"
    regenerator-runtime "^0.9.5"

base64-js@^1.0.2:
  version "1.2.0"
  resolved "https://registry.yarnpkg.com/base64-js/-/base64-js-1.2.0.tgz#a39992d723584811982be5e290bb6a53d86700f1"

buffer@4.6.0:
  version "4.6.0"
  resolved "https://registry.yarnpkg.com/buffer/-/buffer-4.6.0.tgz#fe50a7de503ebaad1b568d05967207be4024c348"
  dependencies:
    base64-js "^1.0.2"
    ieee754 "^1.1.4"
    isarray "^1.0.0"

can-use-dom@^0.1.0:
  version "0.1.0"
  resolved "https://registry.yarnpkg.com/can-use-dom/-/can-use-dom-0.1.0.tgz#22cc4a34a0abc43950f42c6411024a3f6366b45a"

classnames@2.x, classnames@^2.2.0, classnames@^2.2.1, classnames@^2.2.3, classnames@^2.2.5, classnames@~2.2.0:
  version "2.2.5"
  resolved "https://registry.yarnpkg.com/classnames/-/classnames-2.2.5.tgz#fb3801d453467649ef3603c7d61a02bd129bde6d"

colr-convert@^1.0.5:
  version "1.0.5"
  resolved "https://registry.yarnpkg.com/colr-convert/-/colr-convert-1.0.5.tgz#b4a22c9322dfa238d2a80aa90736c11271841b71"

colr@~1.2.1:
  version "1.2.2"
  resolved "https://registry.yarnpkg.com/colr/-/colr-1.2.2.tgz#6003289b8e3c53f60824ec7bbc08e033878ad4f6"
  dependencies:
    colr-convert "^1.0.5"

component-classes@1.x, component-classes@^1.2.5, component-classes@^1.2.6:
  version "1.2.6"
  resolved "https://registry.yarnpkg.com/component-classes/-/component-classes-1.2.6.tgz#c642394c3618a4d8b0b8919efccbbd930e5cd691"
  dependencies:
    component-indexof "0.0.3"

component-indexof@0.0.3:
  version "0.0.3"
  resolved "https://registry.yarnpkg.com/component-indexof/-/component-indexof-0.0.3.tgz#11d091312239eb8f32c8f25ae9cb002ffe8d3c24"

copy-to-clipboard@^3:
  version "3.0.5"
  resolved "https://registry.yarnpkg.com/copy-to-clipboard/-/copy-to-clipboard-3.0.5.tgz#4cd40e7c2ee159bc72d4f06b5bec8f9e0a1a3442"
  dependencies:
    toggle-selection "^1.0.3"

core-js@^1.0.0:
  version "1.2.7"
  resolved "https://registry.yarnpkg.com/core-js/-/core-js-1.2.7.tgz#652294c14651db28fa93bd2d5ff2983a4f08c636"

core-js@^2.4.0:
  version "2.4.1"
  resolved "https://registry.yarnpkg.com/core-js/-/core-js-2.4.1.tgz#4de911e667b0eae9124e34254b53aea6fc618d3e"

cropperjs@^0.8.0:
  version "0.8.1"
  resolved "https://registry.yarnpkg.com/cropperjs/-/cropperjs-0.8.1.tgz#3dc01813e2f6d1df2c8909e1ce092146c692548e"

css-animation@1.x, css-animation@^1.2.5, css-animation@^1.3.0:
  version "1.3.0"
  resolved "https://registry.yarnpkg.com/css-animation/-/css-animation-1.3.0.tgz#315d9742bbe282c23b9951ceac2aa53cee05b708"
  dependencies:
    component-classes "^1.2.5"

debug@^2.2.0:
  version "2.3.2"
  resolved "https://registry.yarnpkg.com/debug/-/debug-2.3.2.tgz#94cb466ef7d6d2c7e5245cdd6e4104f2d0d70d30"
  dependencies:
    ms "0.7.2"

dom-align@1.x:
  version "1.5.2"
  resolved "https://registry.yarnpkg.com/dom-align/-/dom-align-1.5.2.tgz#bceb6c109a3442ebc001c04c48cb37a9d5e96df2"

dom-scroll-into-view@1.x, dom-scroll-into-view@^1.2.0:
  version "1.2.1"
  resolved "https://registry.yarnpkg.com/dom-scroll-into-view/-/dom-scroll-into-view-1.2.1.tgz#e8f36732dd089b0201a88d7815dc3f88e6d66c7e"

draft-js@^0.9.1, draft-js@~0.9.1:
  version "0.9.1"
  resolved "https://registry.yarnpkg.com/draft-js/-/draft-js-0.9.1.tgz#940a51a0ad1fede0411676b6404f4050495f54f9"
  dependencies:
    fbjs "^0.8.3"
    immutable "~3.7.4"
    object-assign "^4.1.0"

echarts-for-react@^1.1.5:
  version "1.1.5"
  resolved "https://registry.yarnpkg.com/echarts-for-react/-/echarts-for-react-1.1.5.tgz#891dc795e5cb36ba74971b917882923a302b4cb0"
  dependencies:
    echarts "^3.1.1"
    element-resize-event "^2.0.5"

echarts@^3.1.1:
  version "3.3.1"
  resolved "https://registry.yarnpkg.com/echarts/-/echarts-3.3.1.tgz#35ad7b1e9e941450ad3e0134635a04bf1e61bb42"
  dependencies:
    zrender "^3.2.1"

element-resize-event@^2.0.5:
  version "2.0.7"
  resolved "https://registry.yarnpkg.com/element-resize-event/-/element-resize-event-2.0.7.tgz#8b63953715967cd2241620245573e79e684e07b0"

encoding@^0.1.11:
  version "0.1.12"
  resolved "https://registry.yarnpkg.com/encoding/-/encoding-0.1.12.tgz#538b66f3ee62cd1ab51ec323829d1f9480c74beb"
  dependencies:
    iconv-lite "~0.4.13"

enquire.js@^2.1.1:
  version "2.1.1"
  resolved "https://registry.yarnpkg.com/enquire.js/-/enquire.js-2.1.1.tgz#56ba08cb7c896839eda0c00e9fb0d40339e91c3f"

es6-promise@3.2.1:
  version "3.2.1"
  resolved "https://registry.yarnpkg.com/es6-promise/-/es6-promise-3.2.1.tgz#ec56233868032909207170c39448e24449dd1fc4"

eventlistener@0.0.1:
  version "0.0.1"
  resolved "https://registry.yarnpkg.com/eventlistener/-/eventlistener-0.0.1.tgz#ed2baabb852227af2bcf889152c72c63ca532eb8"

fbjs@^0.8.3, fbjs@^0.8.4:
  version "0.8.6"
  resolved "https://registry.yarnpkg.com/fbjs/-/fbjs-0.8.6.tgz#7eb67d6986b2d5007a9b6e92e0e7cb6f75cad290"
  dependencies:
    core-js "^1.0.0"
    isomorphic-fetch "^2.1.1"
    loose-envify "^1.0.0"
    object-assign "^4.1.0"
    promise "^7.1.1"
    ua-parser-js "^0.7.9"

follow-redirects@0.0.7:
  version "0.0.7"
  resolved "https://registry.yarnpkg.com/follow-redirects/-/follow-redirects-0.0.7.tgz#34b90bab2a911aa347571da90f22bd36ecd8a919"
  dependencies:
    debug "^2.2.0"
    stream-consume "^0.1.0"

font-carrier@0.0.12:
  version "0.0.12"
  resolved "http://npm.vveshow.com/font-carrier/-/font-carrier-0.0.12.tgz#5d281b653720ac97e9e783549426cd5196619bc6"
  dependencies:
    jdataview "2.5.0"
    lodash "3.7.0"
    multiline "1.0.2"
    opentype.js "0.4.8"
    svg2ttf "2.0.0"
    svg_pathify "0.0.x"
    svgpath "2.0.0"
    ttf2eot "1.3.0"
    ttf2svg "0.0.7"
    ttf2woff "1.3.0"
    xmldom "0.1.19"

get-stdin@^4.0.1:
  version "4.0.1"
  resolved "http://npm.vveshow.com/get-stdin/-/get-stdin-4.0.1.tgz#b968c6b0a04384324902e8bf1a5df32579a450fe"

hammerjs@^2.0.8:
  version "2.0.8"
  resolved "https://registry.yarnpkg.com/hammerjs/-/hammerjs-2.0.8.tgz#04ef77862cff2bb79d30f7692095930222bf60f1"

history@^3.0.0:
  version "3.2.1"
  resolved "https://registry.yarnpkg.com/history/-/history-3.2.1.tgz#71c7497f4e6090363d19a6713bb52a1bfcdd99aa"
  dependencies:
    invariant "^2.2.1"
    loose-envify "^1.2.0"
    query-string "^4.2.2"
    warning "^3.0.0"

hoist-non-react-statics@1.x, hoist-non-react-statics@^1.0.3, hoist-non-react-statics@^1.2.0:
  version "1.2.0"
  resolved "https://registry.yarnpkg.com/hoist-non-react-statics/-/hoist-non-react-statics-1.2.0.tgz#aa448cf0986d55cc40773b17174b7dd066cb7cfb"

iconv-lite@~0.4.13:
  version "0.4.13"
  resolved "https://registry.yarnpkg.com/iconv-lite/-/iconv-lite-0.4.13.tgz#1f88aba4ab0b1508e8312acc39345f36e992e2f2"

ieee754@^1.1.4:
  version "1.1.8"
  resolved "https://registry.yarnpkg.com/ieee754/-/ieee754-1.1.8.tgz#be33d40ac10ef1926701f6f08a2d86fbfd1ad3e4"

immutable@^3.7.4, immutable@^3.8.1:
  version "3.8.1"
  resolved "https://registry.yarnpkg.com/immutable/-/immutable-3.8.1.tgz#200807f11ab0f72710ea485542de088075f68cd2"

immutable@~3.7.4:
  version "3.7.6"
  resolved "https://registry.yarnpkg.com/immutable/-/immutable-3.7.6.tgz#13b4d3cb12befa15482a26fe1b2ebae640071e4b"

invariant@^2.0.0, invariant@^2.2.1:
  version "2.2.2"
  resolved "https://registry.yarnpkg.com/invariant/-/invariant-2.2.2.tgz#9e1f56ac0acdb6bf303306f338be3b204ae60360"
  dependencies:
    loose-envify "^1.0.0"

is-buffer@1.1.3:
  version "1.1.3"
  resolved "https://registry.yarnpkg.com/is-buffer/-/is-buffer-1.1.3.tgz#db897fc3f7aca2d50de94b6c8c2896a4771627af"

is-stream@^1.0.1:
  version "1.1.0"
  resolved "https://registry.yarnpkg.com/is-stream/-/is-stream-1.1.0.tgz#12d4a3dd4e68e0b79ceb8dbc84173ae80d91ca44"

isarray@^1.0.0:
  version "1.0.0"
  resolved "https://registry.yarnpkg.com/isarray/-/isarray-1.0.0.tgz#bb935d48582cba168c06834957a54a3e07124f11"

iscroll@5.1.3:
  version "5.1.3"
  resolved "http://npm.vveshow.com/iscroll/-/iscroll-5.1.3.tgz#0fda82990dbabd6fca7e35b1e4ba13ce54a20031"

isomorphic-fetch@^2.1.1:
  version "2.2.1"
  resolved "https://registry.yarnpkg.com/isomorphic-fetch/-/isomorphic-fetch-2.2.1.tgz#611ae1acf14f5e81f729507472819fe9733558a9"
  dependencies:
    node-fetch "^1.0.1"
    whatwg-fetch ">=0.10.0"

jdataview@2.5.0:
  version "2.5.0"
  resolved "http://npm.vveshow.com/jdataview/-/jdataview-2.5.0.tgz#3081b3fea651f9317ec6bd4feb2ddc98aa41d595"

jquery-ui@1.12.1:
  version "1.12.1"
  resolved "http://npm.vveshow.com/jquery-ui/-/jquery-ui-1.12.1.tgz#bcb4045c8dd0539c134bc1488cdd3e768a7a9e51"

jquery@2.2.0, jquery@>=1.7.2:
  version "2.2.0"
  resolved "http://npm.vveshow.com/jquery/-/jquery-2.2.0.tgz#d0e84ebbf199da51bf7ec39307f19b35754e9cba"

js-tokens@^2.0.0:
  version "2.0.0"
  resolved "https://registry.yarnpkg.com/js-tokens/-/js-tokens-2.0.0.tgz#79903f5563ee778cc1162e6dcf1a0027c97f9cb5"

json2mq@^0.2.0:
  version "0.2.0"
  resolved "https://registry.yarnpkg.com/json2mq/-/json2mq-0.2.0.tgz#b637bd3ba9eabe122c83e9720483aeb10d2c904a"
  dependencies:
    string-convert "^0.2.0"

lk-heditor@0.3.4:
  version "0.3.4"
  resolved "http://npm.vveshow.com/lk-heditor/-/lk-heditor-0.3.4.tgz#1070594ba619f6a033b79761379d0ba2c556f747"
  dependencies:
    font-carrier "0.0.12"
    iscroll "5.1.3"
    jquery "2.2.0"
    jquery-ui "1.12.1"
    spectrum-colorpicker "1.6.2"
    zrender "2.0.2"

lodash-es@^4.2.1:
  version "4.17.2"
  resolved "https://registry.yarnpkg.com/lodash-es/-/lodash-es-4.17.2.tgz#59011b585166e613eb9dd5fc256b2cd1a30f3712"

lodash._getnative@^3.0.0:
  version "3.9.1"
  resolved "https://registry.yarnpkg.com/lodash._getnative/-/lodash._getnative-3.9.1.tgz#570bc7dede46d61cdcde687d65d3eecbaa3aaff5"

lodash.debounce@^4.0.0:
  version "4.0.8"
  resolved "https://registry.yarnpkg.com/lodash.debounce/-/lodash.debounce-4.0.8.tgz#82d79bff30a67c4005ffd5e2515300ad9ca4d7af"

lodash.get@^4.4.2:
  version "4.4.2"
  resolved "http://npm.vveshow.com/lodash.get/-/lodash.get-4.4.2.tgz#2d177f652fa31e939b4438d5341499dfa3825e99"

lodash.has@^4.5.2:
  version "4.5.2"
  resolved "http://npm.vveshow.com/lodash.has/-/lodash.has-4.5.2.tgz#d19f4dc1095058cccbe2b0cdf4ee0fe4aa37c862"

lodash.isarguments@^3.0.0:
  version "3.1.0"
  resolved "https://registry.yarnpkg.com/lodash.isarguments/-/lodash.isarguments-3.1.0.tgz#2f573d85c6a24289ff00663b491c1d338ff3458a"

lodash.isarray@^3.0.0:
  version "3.0.4"
  resolved "https://registry.yarnpkg.com/lodash.isarray/-/lodash.isarray-3.0.4.tgz#79e4eb88c36a8122af86f844aa9bcd851b5fbb55"

lodash.keys@^3.1.2:
  version "3.1.2"
  resolved "https://registry.yarnpkg.com/lodash.keys/-/lodash.keys-3.1.2.tgz#4dbc0472b156be50a0b286855d1bd0b0c656098a"
  dependencies:
    lodash._getnative "^3.0.0"
    lodash.isarguments "^3.0.0"
    lodash.isarray "^3.0.0"

lodash.set@^4.3.2:
  version "4.3.2"
  resolved "http://npm.vveshow.com/lodash.set/-/lodash.set-4.3.2.tgz#d8757b1da807dde24816b0d6a84bea1a76230b23"

lodash.throttle@^4.0.0:
  version "4.1.1"
  resolved "https://registry.yarnpkg.com/lodash.throttle/-/lodash.throttle-4.1.1.tgz#c23e91b710242ac70c37f1e1cda9274cc39bf2f4"

lodash@3.7.0, lodash@^3.6.0, lodash@^3.7.0:
  version "3.7.0"
  resolved "http://npm.vveshow.com/lodash/-/lodash-3.7.0.tgz#3678bd8ab995057c07ade836ed2ef087da811d45"

lodash@^2.4.1:
  version "2.4.2"
  resolved "http://npm.vveshow.com/lodash/-/lodash-2.4.2.tgz#fadd834b9683073da179b3eae6d9c0d15053f73e"

lodash@^4.12.0, lodash@^4.15.0, lodash@^4.2.0, lodash@^4.2.1:
  version "4.17.2"
  resolved "https://registry.yarnpkg.com/lodash/-/lodash-4.17.2.tgz#34a3055babe04ce42467b607d700072c7ff6bf42"

loose-envify@^1.0.0, loose-envify@^1.1.0, loose-envify@^1.2.0:
  version "1.3.0"
  resolved "https://registry.yarnpkg.com/loose-envify/-/loose-envify-1.3.0.tgz#6b26248c42f6d4fa4b0d8542f78edfcde35642a8"
  dependencies:
    js-tokens "^2.0.0"

microbuffer@^1.0.0:
  version "1.0.0"
  resolved "http://npm.vveshow.com/microbuffer/-/microbuffer-1.0.0.tgz#8b3832ed40c87d51f47bb234913a698a756d19d2"

moment@2.x, moment@^2.15.1:
  version "2.16.0"
  resolved "https://registry.yarnpkg.com/moment/-/moment-2.16.0.tgz#f38f2c97c9889b0ee18fc6cc392e1e443ad2da8e"

moment@~2.17.0:
  version "2.17.1"
  resolved "http://npm.vveshow.com/moment/-/moment-2.17.1.tgz#fed9506063f36b10f066c8b59a144d7faebe1d82"

ms@0.7.2:
  version "0.7.2"
  resolved "https://registry.yarnpkg.com/ms/-/ms-0.7.2.tgz#ae25cf2512b3885a1d95d7f037868d8431124765"

multiline@1.0.2:
  version "1.0.2"
  resolved "http://npm.vveshow.com/multiline/-/multiline-1.0.2.tgz#69b1f25ff074d2828904f244ddd06b7d96ef6c93"
  dependencies:
    strip-indent "^1.0.0"

node-fetch@^1.0.1:
  version "1.6.3"
  resolved "https://registry.yarnpkg.com/node-fetch/-/node-fetch-1.6.3.tgz#dc234edd6489982d58e8f0db4f695029abcd8c04"
  dependencies:
    encoding "^0.1.11"
    is-stream "^1.0.1"

object-assign@4.x, object-assign@^4.0.1, object-assign@^4.1.0, object-assign@~4.1.0:
  version "4.1.0"
  resolved "https://registry.yarnpkg.com/object-assign/-/object-assign-4.1.0.tgz#7a3b3d0e98063d43f4c03f2e8ae6cd51a86883a0"

omit.js@^0.1.0:
  version "0.1.0"
  resolved "https://registry.yarnpkg.com/omit.js/-/omit.js-0.1.0.tgz#9786a21a6d6c316fa35bb14e7101eeee21c52044"
  dependencies:
    object-assign "^4.1.0"

opentype.js@0.4.8:
  version "0.4.8"
  resolved "http://npm.vveshow.com/opentype.js/-/opentype.js-0.4.8.tgz#716fb72503205ee924a1a33ba6c7a8d1c16d622d"

"pako@~ 0.2.2":
  version "0.2.9"
  resolved "http://npm.vveshow.com/pako/-/pako-0.2.9.tgz#f3f7522f4ef782348da8161bad9ecfd51bf83a75"

process@0.11.2:
  version "0.11.2"
  resolved "https://registry.yarnpkg.com/process/-/process-0.11.2.tgz#8a58d1d12c573f3f890da9848a4fe8e16ca977b2"

promise@^7.1.1:
  version "7.1.1"
  resolved "https://registry.yarnpkg.com/promise/-/promise-7.1.1.tgz#489654c692616b8aa55b0724fa809bb7db49c5bf"
  dependencies:
    asap "~2.0.3"

query-string@^4.2.2:
  version "4.2.3"
  resolved "https://registry.yarnpkg.com/query-string/-/query-string-4.2.3.tgz#9f27273d207a25a8ee4c7b8c74dcd45d556db822"
  dependencies:
    object-assign "^4.1.0"
    strict-uri-encode "^1.0.0"

rc-align@2.x:
  version "2.3.2"
  resolved "https://registry.yarnpkg.com/rc-align/-/rc-align-2.3.2.tgz#23bfc2a403fd21c567ef4dae3410ad6502e3fba0"
  dependencies:
    dom-align "1.x"
    rc-util "3.x"

rc-animate@2.x, rc-animate@^2.0.2, rc-animate@^2.3.0, rc-animate@~2.3.0:
  version "2.3.1"
  resolved "https://registry.yarnpkg.com/rc-animate/-/rc-animate-2.3.1.tgz#eacda46bf589d857f640c53953d92e07cb688636"
  dependencies:
    css-animation "^1.3.0"

rc-calendar@~7.5.1:
  version "7.5.3"
  resolved "http://npm.vveshow.com/rc-calendar/-/rc-calendar-7.5.3.tgz#9b52789ac6d752f2ffd9c9d4c472334212390746"
  dependencies:
    babel-runtime "6.x"
    classnames "2.x"
    moment "2.x"
    rc-trigger "1.x"
    rc-util "3.x"

rc-cascader@~0.10.1:
  version "0.10.3"
  resolved "https://registry.yarnpkg.com/rc-cascader/-/rc-cascader-0.10.3.tgz#4e399dbcab4bf49250e18eebaeafe439e2b57ede"
  dependencies:
    array-tree-filter "^1.0.0"
    rc-trigger "1.x"

rc-checkbox@1.x, rc-checkbox@~1.4.0:
  version "1.4.3"
  resolved "https://registry.yarnpkg.com/rc-checkbox/-/rc-checkbox-1.4.3.tgz#b951befecc5d2f892d7a2629f9e107badf1c75c6"
  dependencies:
    classnames "2.x"
    rc-util "^4.0.1"

rc-collapse@~1.6.4:
  version "1.6.10"
  resolved "https://registry.yarnpkg.com/rc-collapse/-/rc-collapse-1.6.10.tgz#2a3b572c2831e3e5134173b44acbad371c18c731"
  dependencies:
    classnames "2.x"
    css-animation "1.x"
    rc-animate "2.x"

rc-color-picker@1.0.1:
  version "1.0.1"
  resolved "https://registry.yarnpkg.com/rc-color-picker/-/rc-color-picker-1.0.1.tgz#b4e49e6c59ec315d9596b1eb1651425c82fcead1"
  dependencies:
    colr "~1.2.1"
    rc-trigger "1.x"
    rc-util "2.x"

rc-dialog@^6.3.0, rc-dialog@~6.5.0:
  version "6.5.1"
  resolved "https://registry.yarnpkg.com/rc-dialog/-/rc-dialog-6.5.1.tgz#d15945c5e0810d034257acaa9856732800a6a7c7"
  dependencies:
    babel-runtime "6.x"
    object-assign "~4.1.0"
    rc-animate "2.x"
    rc-util "^3.4.1"

rc-dropdown@~1.4.8:
  version "1.4.10"
  resolved "https://registry.yarnpkg.com/rc-dropdown/-/rc-dropdown-1.4.10.tgz#77d1beff082a5dba0929906c8722fc53f84a69f4"
  dependencies:
    rc-trigger "1.x"

rc-editor-core@^0.5.1, rc-editor-core@~0.5.5:
  version "0.5.9"
  resolved "https://registry.yarnpkg.com/rc-editor-core/-/rc-editor-core-0.5.9.tgz#d2a4b2449fa8e7b8cc2eaebcdfdacf6083787000"
  dependencies:
    classnames "^2.2.5"
    draft-js "^0.9.1"
    immutable "^3.7.4"
    rc-editor-plugin-image "0.0.3"

rc-editor-mention@~0.3.0:
  version "0.3.2"
  resolved "https://registry.yarnpkg.com/rc-editor-mention/-/rc-editor-mention-0.3.2.tgz#b6964bfb584af00092be8a9206b62817a9f48c92"
  dependencies:
    classnames "^2.2.5"
    dom-scroll-into-view "^1.2.0"
    draft-js "~0.9.1"
    immutable "^3.8.1"
    rc-animate "^2.3.0"
    rc-editor-core "~0.5.5"

rc-editor-plugin-image@0.0.3:
  version "0.0.3"
  resolved "https://registry.yarnpkg.com/rc-editor-plugin-image/-/rc-editor-plugin-image-0.0.3.tgz#44f6fb591eb3038740c526fa130eeb63e289086b"
  dependencies:
    classnames "^2.2.5"
    rc-dialog "^6.3.0"
    rc-editor-core "^0.5.1"
    rc-trigger "^1.7.1"
    rc-upload "^2.0.4"
    react-resizable "^1.4.2"

rc-form@~1.1.0:
  version "1.1.0"
  resolved "http://npm.vveshow.com/rc-form/-/rc-form-1.1.0.tgz#6815dc57bf2f02fda241fd4f9b9957c830261670"
  dependencies:
    async-validator "1.x"
    babel-runtime "6.x"
    dom-scroll-into-view "1.x"
    hoist-non-react-statics "1.x"
    lodash.get "^4.4.2"
    lodash.has "^4.5.2"
    lodash.set "^4.3.2"
    warning "^3.0.0"

rc-input-number@~2.8.3:
  version "2.8.9"
  resolved "http://npm.vveshow.com/rc-input-number/-/rc-input-number-2.8.9.tgz#8711e231c53c3bb9cf31af6c4d6b20eb03aa0f0e"
  dependencies:
    babel-runtime "6.x"
    classnames "^2.2.0"
    rc-touchable "^1.0.0"

"rc-menu@5.x || 4.x", rc-menu@~5.0.1:
  version "5.0.5"
  resolved "https://registry.yarnpkg.com/rc-menu/-/rc-menu-5.0.5.tgz#e24bf1c4f4dc90412aaf987999b771ba294d00f4"
  dependencies:
    babel-runtime "6.x"
    classnames "2.x"
    dom-scroll-into-view "1.x"
    rc-animate "2.x"
    rc-util "3.x"

rc-notification@~1.3.4:
  version "1.3.5"
  resolved "https://registry.yarnpkg.com/rc-notification/-/rc-notification-1.3.5.tgz#2045a506f1f4004d353743d756fab04b93bf7936"
  dependencies:
    classnames "2.x"
    rc-animate "2.x"
    rc-util "3.x"

rc-pagination@~1.6.0:
  version "1.6.9"
  resolved "http://npm.vveshow.com/rc-pagination/-/rc-pagination-1.6.9.tgz#7f8520a9e7108f1a575a3bdef7012be5b5220d02"

rc-progress@~2.0.1:
  version "2.0.3"
  resolved "https://registry.yarnpkg.com/rc-progress/-/rc-progress-2.0.3.tgz#1755a04c2e368af2fbd93ace8abc9dc91aab6bd5"

rc-qrcode@^1.0.1:
  version "1.0.1"
  resolved "https://registry.yarnpkg.com/rc-qrcode/-/rc-qrcode-1.0.1.tgz#d55d6bc97bedfb1bd662f5392571fbaef09578c3"

rc-radio@~2.0.0:
  version "2.0.0"
  resolved "https://registry.yarnpkg.com/rc-radio/-/rc-radio-2.0.0.tgz#357b2da4d46564784b85d4bb5f0edf6c207155b3"
  dependencies:
    rc-checkbox "1.x"

rc-rate@~1.1.2:
  version "1.1.2"
  resolved "https://registry.yarnpkg.com/rc-rate/-/rc-rate-1.1.2.tgz#97706ef0615b5a0f4ee873898a743a4d7229f574"

rc-select@~6.6.1:
  version "6.6.7"
  resolved "https://registry.yarnpkg.com/rc-select/-/rc-select-6.6.7.tgz#d430e01a67a30124763a84aa72a7aba27d8fee5f"
  dependencies:
    babel-runtime "6.x"
    classnames "2.x"
    component-classes "1.x"
    dom-scroll-into-view "1.x"
    rc-animate "2.x"
    rc-menu "5.x || 4.x"
    rc-trigger "1.x"
    rc-util "3.x"
    warning "2.x"

rc-slider@~5.4.0:
  version "5.4.3"
  resolved "http://npm.vveshow.com/rc-slider/-/rc-slider-5.4.3.tgz#b4b93181f57398112303404b16782443771b279d"
  dependencies:
    babel-runtime "6.x"
    classnames "^2.2.5"
    rc-tooltip "^3.4.2"
    rc-util "^4.0.0"
    warning "^3.0.0"

rc-steps@~2.2.0:
  version "2.2.0"
  resolved "https://registry.yarnpkg.com/rc-steps/-/rc-steps-2.2.0.tgz#fa8ae6c05e9b63da4c060f2bd05333bc16adbf98"
  dependencies:
    classnames "^2.2.3"

rc-switch@~1.4.2:
  version "1.4.2"
  resolved "https://registry.yarnpkg.com/rc-switch/-/rc-switch-1.4.2.tgz#c19637c9be348ae0b6e86b8e4eae6ad06cb21ee7"
  dependencies:
    classnames "^2.2.1"

rc-table@~5.2.0:
  version "5.2.9"
  resolved "http://npm.vveshow.com/rc-table/-/rc-table-5.2.9.tgz#8953386c9bb461cf49ffc479ad0f74f002fd271d"
  dependencies:
    component-classes "^1.2.6"
    lodash.get "^4.4.2"
    rc-util "3.x"
    shallowequal "^0.2.2"
    warning "^3.0.0"

rc-tabs@~7.1.0:
  version "7.1.1"
  resolved "http://npm.vveshow.com/rc-tabs/-/rc-tabs-7.1.1.tgz#c7d0f76d64465b06bf2968e9245694726d2b962b"
  dependencies:
    babel-runtime "6.x"
    classnames "2.x"
    react-hammerjs "~0.5.0"

rc-time-picker@~2.2.1:
  version "2.2.1"
  resolved "https://registry.yarnpkg.com/rc-time-picker/-/rc-time-picker-2.2.1.tgz#c4b1cf94eb3875c85d50d8cfdb1ea734d2ccd008"
  dependencies:
    babel-runtime "6.x"
    classnames "2.x"
    moment "2.x"
    rc-trigger "1.x"

rc-tooltip@^3.4.2, rc-tooltip@~3.4.2:
  version "3.4.2"
  resolved "https://registry.yarnpkg.com/rc-tooltip/-/rc-tooltip-3.4.2.tgz#c5c89c347ed790f7f290ef825d5e24e8fb599166"
  dependencies:
    rc-trigger "1.x"

rc-touchable@^1.0.0:
  version "1.0.10"
  resolved "http://npm.vveshow.com/rc-touchable/-/rc-touchable-1.0.10.tgz#467ac8867c44aa4598204d6fb727d55ca0d91ea5"
  dependencies:
    babel-runtime "6.x"
    object-assign "^4.1.0"

rc-tree-select@~1.8.0:
  version "1.8.6"
  resolved "https://registry.yarnpkg.com/rc-tree-select/-/rc-tree-select-1.8.6.tgz#f88d0148bfcbe1dc7b763fa3c9f55f6def9dc013"
  dependencies:
    classnames "^2.2.1"
    object-assign "^4.0.1"
    rc-animate "^2.0.2"
    rc-tree "^1.3.0"
    rc-trigger "1.x"
    rc-util "^3.1.2"

rc-tree@^1.3.0, rc-tree@~1.4.0:
  version "1.4.0"
  resolved "https://registry.yarnpkg.com/rc-tree/-/rc-tree-1.4.0.tgz#aa119fc68d8bc0996db03daa5433d1857f5c0cd9"
  dependencies:
    classnames "2.x"
    object-assign "4.x"
    rc-animate "2.x"

rc-trigger@1.x, rc-trigger@^1.7.1:
  version "1.7.3"
  resolved "https://registry.yarnpkg.com/rc-trigger/-/rc-trigger-1.7.3.tgz#0f34afbc975b3ccd6c2bbb46a8b000749ed4cbf7"
  dependencies:
    babel-runtime "6.x"
    rc-align "2.x"
    rc-animate "2.x"
    rc-util "^3.3.x"

rc-upload@^2.0.4:
  version "2.2.0"
  resolved "https://registry.yarnpkg.com/rc-upload/-/rc-upload-2.2.0.tgz#f22dd791acdc9a429bbec1223c9b4ea61c3ae6d6"
  dependencies:
    babel-runtime "6.x"
    classnames "^2.2.5"
    warning "2.x"

rc-upload@~2.3.0:
  version "2.3.2"
  resolved "http://npm.vveshow.com/rc-upload/-/rc-upload-2.3.2.tgz#feeb7b84e45762a9c76523c94c960664ab0d6541"
  dependencies:
    babel-runtime "6.x"
    classnames "^2.2.5"
    warning "2.x"

rc-util@2.x:
  version "2.1.1"
  resolved "https://registry.yarnpkg.com/rc-util/-/rc-util-2.1.1.tgz#46d9103352352fb318d135a35a164185c430c0c9"
  dependencies:
    add-dom-event-listener "1.x"
    classnames "2.x"

rc-util@3.x, rc-util@^3.1.2, rc-util@^3.3.x, rc-util@^3.4.1:
  version "3.4.1"
  resolved "https://registry.yarnpkg.com/rc-util/-/rc-util-3.4.1.tgz#4b7e0b0c7593bdbcff8ed045d88fbbc773a7b061"
  dependencies:
    add-dom-event-listener "1.x"
    classnames "2.x"
    shallowequal "0.2.x"

rc-util@^4.0.0, rc-util@^4.0.1:
  version "4.0.1"
  resolved "https://registry.yarnpkg.com/rc-util/-/rc-util-4.0.1.tgz#9605c86a9768a9640268d4094e32b5b4ceeee228"
  dependencies:
    add-dom-event-listener "1.x"
    shallowequal "^0.2.2"

react-copy-to-clipboard@4.2.3:
  version "4.2.3"
  resolved "https://registry.yarnpkg.com/react-copy-to-clipboard/-/react-copy-to-clipboard-4.2.3.tgz#268c5a0fbde9a95d96145014e7f85110b0e7fb8e"
  dependencies:
    copy-to-clipboard "^3"

react-cropper@^0.9.4:
  version "0.9.4"
  resolved "https://registry.yarnpkg.com/react-cropper/-/react-cropper-0.9.4.tgz#34cccfa4ab48a427fb52639e65154467ecd58340"
  dependencies:
    cropperjs "^0.8.0"
    react "^15.0.0"
    react-dom "^15.0.0"

react-dom@15.3.1, react-dom@^15.0.0:
  version "15.3.1"
  resolved "https://registry.yarnpkg.com/react-dom/-/react-dom-15.3.1.tgz#6d42cd2b64c8c5e0b693f3ffaec301e6e627e24e"

react-draggable@^2.1.0:
  version "2.2.2"
  resolved "https://registry.yarnpkg.com/react-draggable/-/react-draggable-2.2.2.tgz#80932da5ad81795bdfd141e846d7a9309680e270"
  dependencies:
    classnames "^2.2.5"

react-hammerjs@~0.5.0:
  version "0.5.0"
  resolved "https://registry.yarnpkg.com/react-hammerjs/-/react-hammerjs-0.5.0.tgz#aa20e5c5f44d660f3e8e87ed11282f12173e77ae"
  dependencies:
    hammerjs "^2.0.8"

react-lazy-load@^3.0.10:
  version "3.0.10"
  resolved "https://registry.yarnpkg.com/react-lazy-load/-/react-lazy-load-3.0.10.tgz#75304b6f3705a92f4d1ae820bccf9ffaca2ce47f"
  dependencies:
    eventlistener "0.0.1"
    lodash.debounce "^4.0.0"
    lodash.throttle "^4.0.0"

react-redux@4.4.5:
  version "4.4.5"
  resolved "https://registry.yarnpkg.com/react-redux/-/react-redux-4.4.5.tgz#f509a2981be2252d10c629ef7c559347a4aec457"
  dependencies:
    hoist-non-react-statics "^1.0.3"
    invariant "^2.0.0"
    lodash "^4.2.0"
    loose-envify "^1.1.0"

react-resizable@^1.4.2:
  version "1.4.5"
  resolved "https://registry.yarnpkg.com/react-resizable/-/react-resizable-1.4.5.tgz#b0f00244959bad9b003de5bf8f7d14dee5b6c2d3"
  dependencies:
    react-draggable "^2.1.0"

react-responsive-mixin@^0.4.0:
  version "0.4.0"
  resolved "https://registry.yarnpkg.com/react-responsive-mixin/-/react-responsive-mixin-0.4.0.tgz#9504218a17d49346d9a09a1f5945f629afdb624b"
  dependencies:
    can-use-dom "^0.1.0"
    enquire.js "^2.1.1"
    json2mq "^0.2.0"

react-router-redux@4.0.5:
  version "4.0.5"
  resolved "https://registry.yarnpkg.com/react-router-redux/-/react-router-redux-4.0.5.tgz#85032fdd4c6b2f1e29fd9d7893c08ef31f8e10cf"

react-router@3.0.0:
  version "3.0.0"
  resolved "https://registry.yarnpkg.com/react-router/-/react-router-3.0.0.tgz#3f313e4dbaf57048c48dd0a8c3cac24d93667dff"
  dependencies:
    history "^3.0.0"
    hoist-non-react-statics "^1.2.0"
    invariant "^2.2.1"
    loose-envify "^1.2.0"
    warning "^3.0.0"

react-slick@~0.14.2:
  version "0.14.5"
  resolved "https://registry.yarnpkg.com/react-slick/-/react-slick-0.14.5.tgz#29e2e2d73653a786ac38de379c6e6f27ffa0b029"
  dependencies:
    classnames "^2.2.5"
    json2mq "^0.2.0"
    object-assign "^4.1.0"
    react-responsive-mixin "^0.4.0"
    slick-carousel "^1.6.0"

react-sortable-hoc@0.3.0:
  version "0.3.0"
  resolved "http://npm.vveshow.com/react-sortable-hoc/-/react-sortable-hoc-0.3.0.tgz#3c15f0b0a671de5bb68a11f28650cb530c8dafd9"
  dependencies:
    babel-runtime "^6.11.6"
    invariant "^2.2.1"
    lodash "^4.12.0"

react@15.3.2, react@^15.0.0:
  version "15.3.2"
  resolved "https://registry.yarnpkg.com/react/-/react-15.3.2.tgz#a7bccd2fee8af126b0317e222c28d1d54528d09e"
  dependencies:
    fbjs "^0.8.4"
    loose-envify "^1.1.0"
    object-assign "^4.1.0"

redux-immutablejs@0.0.8:
  version "0.0.8"
  resolved "https://registry.yarnpkg.com/redux-immutablejs/-/redux-immutablejs-0.0.8.tgz#2c173dac1aaebfb20ec86e076b7e2ce65f487a41"

redux-thunk@2.1.0:
  version "2.1.0"
  resolved "https://registry.yarnpkg.com/redux-thunk/-/redux-thunk-2.1.0.tgz#c724bfee75dbe352da2e3ba9bc14302badd89a98"

redux@3.5.2:
  version "3.5.2"
  resolved "https://registry.yarnpkg.com/redux/-/redux-3.5.2.tgz#4533745e970b647ec26066a83aa30e9e26faf843"
  dependencies:
    lodash "^4.2.1"
    lodash-es "^4.2.1"
    loose-envify "^1.1.0"
    symbol-observable "^0.2.3"

regenerator-runtime@^0.9.5:
  version "0.9.6"
  resolved "https://registry.yarnpkg.com/regenerator-runtime/-/regenerator-runtime-0.9.6.tgz#d33eb95d0d2001a4be39659707c51b0cb71ce029"

shallowequal@0.2.x, shallowequal@^0.2.2:
  version "0.2.2"
  resolved "https://registry.yarnpkg.com/shallowequal/-/shallowequal-0.2.2.tgz#1e32fd5bcab6ad688a4812cb0cc04efc75c7014e"
  dependencies:
    lodash.keys "^3.1.2"

slick-carousel@^1.6.0:
  version "1.6.0"
  resolved "https://registry.yarnpkg.com/slick-carousel/-/slick-carousel-1.6.0.tgz#780f378e470f4e6f6bec1aa2bae0475f4f9eb085"
  dependencies:
    jquery ">=1.7.2"

spectrum-colorpicker@1.6.2:
  version "1.6.2"
  resolved "http://npm.vveshow.com/spectrum-colorpicker/-/spectrum-colorpicker-1.6.2.tgz#575f77c4f8d8bd61254c7558dd406aab58c597a6"

sprintf-js@~1.0.2:
  version "1.0.3"
  resolved "http://npm.vveshow.com/sprintf-js/-/sprintf-js-1.0.3.tgz#04e6926f662895354f3dd015203633b857297e2c"

stream-consume@^0.1.0:
  version "0.1.0"
  resolved "https://registry.yarnpkg.com/stream-consume/-/stream-consume-0.1.0.tgz#a41ead1a6d6081ceb79f65b061901b6d8f3d1d0f"

strict-uri-encode@^1.0.0:
  version "1.1.0"
  resolved "https://registry.yarnpkg.com/strict-uri-encode/-/strict-uri-encode-1.1.0.tgz#279b225df1d582b1f54e65addd4352e18faa0713"

string-convert@^0.2.0:
  version "0.2.1"
  resolved "https://registry.yarnpkg.com/string-convert/-/string-convert-0.2.1.tgz#6982cc3049fbb4cd85f8b24568b9d9bf39eeff97"

strip-indent@^1.0.0:
  version "1.0.1"
  resolved "http://npm.vveshow.com/strip-indent/-/strip-indent-1.0.1.tgz#0c7962a6adefa7bbd4ac366460a638552ae1a0a2"
  dependencies:
    get-stdin "^4.0.1"

svg2ttf@2.0.0:
  version "2.0.0"
  resolved "http://npm.vveshow.com/svg2ttf/-/svg2ttf-2.0.0.tgz#b1b6add9432111d6a4c0676f25edefa8b4da7f80"
  dependencies:
    argparse "^1.0.2"
    lodash "^3.6.0"
    microbuffer "^1.0.0"
    svgpath "~2.0.0"
    xmldom "~0.1.16"

svg_pathify@0.0.x:
  version "0.0.7"
  resolved "http://npm.vveshow.com/svg_pathify/-/svg_pathify-0.0.7.tgz#58812784c35900df9e877dbfc79c4ecb08decf01"
  dependencies:
    lodash "^3.7.0"
    xmldom "^0.1.19"

svgpath@2.0.0, svgpath@~2.0.0:
  version "2.0.0"
  resolved "http://npm.vveshow.com/svgpath/-/svgpath-2.0.0.tgz#5f36dc63329cf7fdc9254e3fe0194435de0e068c"

symbol-observable@^0.2.3:
  version "0.2.4"
  resolved "https://registry.yarnpkg.com/symbol-observable/-/symbol-observable-0.2.4.tgz#95a83db26186d6af7e7a18dbd9760a2f86d08f40"

toggle-selection@^1.0.3:
  version "1.0.5"
  resolved "https://registry.yarnpkg.com/toggle-selection/-/toggle-selection-1.0.5.tgz#726c703de607193a73c32c7df49cd24950fc574f"

ttf2eot@1.3.0:
  version "1.3.0"
  resolved "http://npm.vveshow.com/ttf2eot/-/ttf2eot-1.3.0.tgz#94671eacfa5ad7799cd6f9f5b6030f513b032ac2"
  dependencies:
    argparse "~0.1.15"

ttf2svg@0.0.7:
  version "0.0.7"
  resolved "http://npm.vveshow.com/ttf2svg/-/ttf2svg-0.0.7.tgz#3d5aa54900841bbfa3f73643c2a4b573992d3736"
  dependencies:
    lodash "^2.4.1"

ttf2woff@1.3.0:
  version "1.3.0"
  resolved "http://npm.vveshow.com/ttf2woff/-/ttf2woff-1.3.0.tgz#76a27a6f30ea037a9ed64c9ff43ec7ed461e6d2a"
  dependencies:
    argparse "~ 0.1.15"
    pako "~ 0.2.2"

ua-parser-js@^0.7.9:
  version "0.7.12"
  resolved "https://registry.yarnpkg.com/ua-parser-js/-/ua-parser-js-0.7.12.tgz#04c81a99bdd5dc52263ea29d24c6bf8d4818a4bb"

underscore.string@~2.4.0:
  version "2.4.0"
  resolved "http://npm.vveshow.com/underscore.string/-/underscore.string-2.4.0.tgz#8cdd8fbac4e2d2ea1e7e2e8097c42f442280f85b"

underscore@~1.7.0:
  version "1.7.0"
  resolved "http://npm.vveshow.com/underscore/-/underscore-1.7.0.tgz#6bbaf0877500d36be34ecaa584e0db9fef035209"

warning@2.x:
  version "2.1.0"
  resolved "https://registry.yarnpkg.com/warning/-/warning-2.1.0.tgz#21220d9c63afc77a8c92111e011af705ce0c6901"
  dependencies:
    loose-envify "^1.0.0"

warning@^3.0.0, warning@~3.0.0:
  version "3.0.0"
  resolved "https://registry.yarnpkg.com/warning/-/warning-3.0.0.tgz#32e5377cb572de4ab04753bdf8821c01ed605b7c"
  dependencies:
    loose-envify "^1.0.0"

whatwg-fetch@>=0.10.0:
  version "2.0.1"
  resolved "https://registry.yarnpkg.com/whatwg-fetch/-/whatwg-fetch-2.0.1.tgz#078b9461bbe91cea73cbce8bb122a05f9e92b772"

xmldom@0.1.19, xmldom@^0.1.19, xmldom@~0.1.16:
  version "0.1.19"
  resolved "http://npm.vveshow.com/xmldom/-/xmldom-0.1.19.tgz#631fc07776efd84118bf25171b37ed4d075a0abc"

zrender@2.0.2:
  version "2.0.2"
  resolved "http://npm.vveshow.com/zrender/-/zrender-2.0.2.tgz#d0dbfc205f957884a02dafc138d07b4cd3de2cd7"

zrender@^3.2.1:
  version "3.2.1"
  resolved "https://registry.yarnpkg.com/zrender/-/zrender-3.2.1.tgz#67f2ab8953b4822b6ffe3387dfd066053fa9753a"
